
Microsoft Visual Studio Solution File, Format Version 12.00
# Visual Studio 2013
VisualStudioVersion = 12.0.31101.0
MinimumVisualStudioVersion = 10.0.40219.1
Project("{8BC9CEB8-8B4A-11D0-8D11-00A0C91BC942}") = "Tinhtong2soConsole", "Tinhtong2soConsole\Tinhtong2soConsole.vcxproj", "{B4EEB21E-5273-4587-BE54-65E9083131A9}"
EndProject
Project("{8BC9CEB8-8B4A-11D0-8D11-00A0C91BC942}") = "GiaitoanGUI", "GiaitoanGUI\GiaitoanGUI.vcxproj", "{E294CBDD-DA7D-469A-BD3F-8A365B1941A7}"
EndProject
Global
	GlobalSection(SolutionConfigurationPlatforms) = preSolution
		Debug|Win32 = Debug|Win32
		Release|Win32 = Release|Win32
	EndGlobalSection
	GlobalSection(ProjectConfigurationPlatforms) = postSolution
		{B4EEB21E-5273-4587-BE54-65E9083131A9}.Debug|Win32.ActiveCfg = Debug|Win32
		{B4EEB21E-5273-4587-BE54-65E9083131A9}.Debug|Win32.Build.0 = Debug|Win32
		{B4EEB21E-5273-4587-BE54-65E9083131A9}.Release|Win32.ActiveCfg = Release|Win32
		{B4EEB21E-5273-4587-BE54-65E9083131A9}.Release|Win32.Build.0 = Release|Win32
		{E294CBDD-DA7D-469A-BD3F-8A365B1941A7}.Debug|Win32.ActiveCfg = Debug|Win32
		{E294CBDD-DA7D-469A-BD3F-8A365B1941A7}.Debug|Win32.Build.0 = Debug|Win32
		{E294CBDD-DA7D-469A-BD3F-8A365B1941A7}.Release|Win32.ActiveCfg = Release|Win32
		{E294CBDD-DA7D-469A-BD3F-8A365B1941A7}.Release|Win32.Build.0 = Release|Win32
	EndGlobalSection
	GlobalSection(SolutionProperties) = preSolution
		HideSolutionNode = FALSE
	EndGlobalSection
EndGlobal
